
Microsoft Visual Studio Solution File, Format Version 12.00
# Visual Studio Version 17
VisualStudioVersion = 17.0.32014.148
MinimumVisualStudioVersion = 10.0.40219.1
Project("{FAE04EC0-301F-11D3-BF4B-00C04F79EFBC}") = "Week6StringsAndArrays", "Week6StringsAndArrays\Week6StringsAndArrays.csproj", "{F1FA2314-9F70-4DAB-856A-20DD4BAF1B63}"
EndProject
Project("{FAE04EC0-301F-11D3-BF4B-00C04F79EFBC}") = "Arrays", "Arrays\Arrays.csproj", "{020AC992-B45C-4122-887F-DE8F7D8A7BA4}"
EndProject
Global
	GlobalSection(SolutionConfigurationPlatforms) = preSolution
		Debug|Any CPU = Debug|Any CPU
		Release|Any CPU = Release|Any CPU
	EndGlobalSection
	GlobalSection(ProjectConfigurationPlatforms) = postSolution
		{F1FA2314-9F70-4DAB-856A-20DD4BAF1B63}.Debug|Any CPU.ActiveCfg = Debug|Any CPU
		{F1FA2314-9F70-4DAB-856A-20DD4BAF1B63}.Debug|Any CPU.Build.0 = Debug|Any CPU
		{F1FA2314-9F70-4DAB-856A-20DD4BAF1B63}.Release|Any CPU.ActiveCfg = Release|Any CPU
		{F1FA2314-9F70-4DAB-856A-20DD4BAF1B63}.Release|Any CPU.Build.0 = Release|Any CPU
		{020AC992-B45C-4122-887F-DE8F7D8A7BA4}.Debug|Any CPU.ActiveCfg = Debug|Any CPU
		{020AC992-B45C-4122-887F-DE8F7D8A7BA4}.Debug|Any CPU.Build.0 = Debug|Any CPU
		{020AC992-B45C-4122-887F-DE8F7D8A7BA4}.Release|Any CPU.ActiveCfg = Release|Any CPU
		{020AC992-B45C-4122-887F-DE8F7D8A7BA4}.Release|Any CPU.Build.0 = Release|Any CPU
	EndGlobalSection
	GlobalSection(SolutionProperties) = preSolution
		HideSolutionNode = FALSE
	EndGlobalSection
	GlobalSection(ExtensibilityGlobals) = postSolution
		SolutionGuid = {D352AE55-F02D-4A1D-B29A-E0D72372CB82}
	EndGlobalSection
EndGlobal
